// !$*UTF8*$!
{
	archiveVersion = 1;
	classes = {
	};
	objectVersion = 77;
	objects = {

/* Begin PBXBuildFile section */
		09A3949CBBB5222E58158B0B /* SettingsView.swift in Sources */ = {isa = PBXBuildFile; fileRef = E841B26D8F0F8952BE78C116 /* SettingsView.swift */; };
		21C8998ECFA4E3DBF7D47349 /* ShortcutNames.swift in Sources */ = {isa = PBXBuildFile; fileRef = 84AFCE1390D460D9A08EB7B9 /* ShortcutNames.swift */; };
		4ECE96ED0F8C28359AB5D9BC /* PlaylistPicker.swift in Sources */ = {isa = PBXBuildFile; fileRef = B533FD50336962884D165034 /* PlaylistPicker.swift */; };
		703C413EEB43F087C2158629 /* PlaylistManager.swift in Sources */ = {isa = PBXBuildFile; fileRef = 03BAEA0267EB5C1493B91775 /* PlaylistManager.swift */; };
		751BDDC2ED282BD5EBDFA79A /* AppleScriptBridge.swift in Sources */ = {isa = PBXBuildFile; fileRef = AFA763794CEB5A631C85DE0F /* AppleScriptBridge.swift */; };
		7FCC476642C1D8A720D5427C /* MusicBarApp.swift in Sources */ = {isa = PBXBuildFile; fileRef = 43C75C9613A42BE7CD757BA3 /* MusicBarApp.swift */; };
		9506B4FA62180DEE6DE18BDD /* HeartButton.swift in Sources */ = {isa = PBXBuildFile; fileRef = 5FABF5F272619A8488C8D71E /* HeartButton.swift */; };
		B616E28927814653901EE86A /* KeyboardShortcuts in Frameworks */ = {isa = PBXBuildFile; productRef = F631F7FECD7942A674A87AC7 /* KeyboardShortcuts */; };
		BA5E8EE0327E7F8295AD3CB0 /* NowPlayingModel.swift in Sources */ = {isa = PBXBuildFile; fileRef = E50E4DEC3E9F569904E32C91 /* NowPlayingModel.swift */; };
		EDFC6766DE7AC714D4EF292F /* NowPlayingPopover.swift in Sources */ = {isa = PBXBuildFile; fileRef = C69A694840CC0CE7E97E7AC5 /* NowPlayingPopover.swift */; };
/* End PBXBuildFile section */

/* Begin PBXFileReference section */
		03BAEA0267EB5C1493B91775 /* PlaylistManager.swift */ = {isa = PBXFileReference; lastKnownFileType = sourcecode.swift; path = PlaylistManager.swift; sourceTree = "<group>"; };
		43C75C9613A42BE7CD757BA3 /* MusicBarApp.swift */ = {isa = PBXFileReference; lastKnownFileType = sourcecode.swift; path = MusicBarApp.swift; sourceTree = "<group>"; };
		5FABF5F272619A8488C8D71E /* HeartButton.swift */ = {isa = PBXFileReference; lastKnownFileType = sourcecode.swift; path = HeartButton.swift; sourceTree = "<group>"; };
		8250A976D8D5FB838DA7C929 /* Info.plist */ = {isa = PBXFileReference; lastKnownFileType = text.plist; path = Info.plist; sourceTree = "<group>"; };
		84AFCE1390D460D9A08EB7B9 /* ShortcutNames.swift */ = {isa = PBXFileReference; lastKnownFileType = sourcecode.swift; path = ShortcutNames.swift; sourceTree = "<group>"; };
		8C0C89A74BF537A89F785A80 /* MusicBar.entitlements */ = {isa = PBXFileReference; lastKnownFileType = text.plist.entitlements; path = MusicBar.entitlements; sourceTree = "<group>"; };
		AFA763794CEB5A631C85DE0F /* AppleScriptBridge.swift */ = {isa = PBXFileReference; lastKnownFileType = sourcecode.swift; path = AppleScriptBridge.swift; sourceTree = "<group>"; };
		B533FD50336962884D165034 /* PlaylistPicker.swift */ = {isa = PBXFileReference; lastKnownFileType = sourcecode.swift; path = PlaylistPicker.swift; sourceTree = "<group>"; };
		C2916219C2C99FBA9B05803B /* MusicBar.app */ = {isa = PBXFileReference; explicitFileType = wrapper.application; includeInIndex = 0; path = MusicBar.app; sourceTree = BUILT_PRODUCTS_DIR; };
		C69A694840CC0CE7E97E7AC5 /* NowPlayingPopover.swift */ = {isa = PBXFileReference; lastKnownFileType = sourcecode.swift; path = NowPlayingPopover.swift; sourceTree = "<group>"; };
		E50E4DEC3E9F569904E32C91 /* NowPlayingModel.swift */ = {isa = PBXFileReference; lastKnownFileType = sourcecode.swift; path = NowPlayingModel.swift; sourceTree = "<group>"; };
		E841B26D8F0F8952BE78C116 /* SettingsView.swift */ = {isa = PBXFileReference; lastKnownFileType = sourcecode.swift; path = SettingsView.swift; sourceTree = "<group>"; };
/* End PBXFileReference section */

/* Begin PBXFrameworksBuildPhase section */
		B4553FB3243E653F99DB06F9 /* Frameworks */ = {
			isa = PBXFrameworksBuildPhase;
			buildActionMask = 2147483647;
			files = (
				B616E28927814653901EE86A /* KeyboardShortcuts in Frameworks */,
			);
			runOnlyForDeploymentPostprocessing = 0;
		};
/* End PBXFrameworksBuildPhase section */

/* Begin PBXGroup section */
		393CC25CEEA210E86E9AA1C4 /* Resources */ = {
			isa = PBXGroup;
			children = (
				8250A976D8D5FB838DA7C929 /* Info.plist */,
				8C0C89A74BF537A89F785A80 /* MusicBar.entitlements */,
			);
			path = Resources;
			sourceTree = "<group>";
		};
		53824770A88CDBB2CD6EC42F = {
			isa = PBXGroup;
			children = (
				FE10D9D3820FC93832F3AE49 /* MusicBar */,
				A26DB433DDD484298A2FF4A9 /* Products */,
			);
			sourceTree = "<group>";
		};
		539CBE0D2D3AFF7CBF61AFA0 /* Services */ = {
			isa = PBXGroup;
			children = (
				AFA763794CEB5A631C85DE0F /* AppleScriptBridge.swift */,
			);
			path = Services;
			sourceTree = "<group>";
		};
		5EFE0D6A613CD1934B980D96 /* Models */ = {
			isa = PBXGroup;
			children = (
				E50E4DEC3E9F569904E32C91 /* NowPlayingModel.swift */,
				03BAEA0267EB5C1493B91775 /* PlaylistManager.swift */,
			);
			path = Models;
			sourceTree = "<group>";
		};
		9D30B02EEA8519998125F649 /* Views */ = {
			isa = PBXGroup;
			children = (
				5FABF5F272619A8488C8D71E /* HeartButton.swift */,
				C69A694840CC0CE7E97E7AC5 /* NowPlayingPopover.swift */,
				B533FD50336962884D165034 /* PlaylistPicker.swift */,
				E841B26D8F0F8952BE78C116 /* SettingsView.swift */,
			);
			path = Views;
			sourceTree = "<group>";
		};
		A26DB433DDD484298A2FF4A9 /* Products */ = {
			isa = PBXGroup;
			children = (
				C2916219C2C99FBA9B05803B /* MusicBar.app */,
			);
			name = Products;
			sourceTree = "<group>";
		};
		E63820F45625291BA5A58EF9 /* Settings */ = {
			isa = PBXGroup;
			children = (
				84AFCE1390D460D9A08EB7B9 /* ShortcutNames.swift */,
			);
			path = Settings;
			sourceTree = "<group>";
		};
		FE10D9D3820FC93832F3AE49 /* MusicBar */ = {
			isa = PBXGroup;
			children = (
				43C75C9613A42BE7CD757BA3 /* MusicBarApp.swift */,
				5EFE0D6A613CD1934B980D96 /* Models */,
				393CC25CEEA210E86E9AA1C4 /* Resources */,
				539CBE0D2D3AFF7CBF61AFA0 /* Services */,
				E63820F45625291BA5A58EF9 /* Settings */,
				9D30B02EEA8519998125F649 /* Views */,
			);
			path = MusicBar;
			sourceTree = "<group>";
		};
/* End PBXGroup section */

/* Begin PBXNativeTarget section */
		D5826063DF94A91A1C6A5F33 /* MusicBar */ = {
			isa = PBXNativeTarget;
			buildConfigurationList = 5F108431BCA48809F06E2233 /* Build configuration list for PBXNativeTarget "MusicBar" */;
			buildPhases = (
				4C6BD88100057C6661459E1F /* Sources */,
				B4553FB3243E653F99DB06F9 /* Frameworks */,
			);
			buildRules = (
			);
			dependencies = (
			);
			name = MusicBar;
			packageProductDependencies = (
				F631F7FECD7942A674A87AC7 /* KeyboardShortcuts */,
			);
			productName = MusicBar;
			productReference = C2916219C2C99FBA9B05803B /* MusicBar.app */;
			productType = "com.apple.product-type.application";
		};
/* End PBXNativeTarget section */

/* Begin PBXProject section */
		2F83ACA14972CAFADBBCE2CF /* Project object */ = {
			isa = PBXProject;
			attributes = {
				BuildIndependentTargetsInParallel = YES;
				LastUpgradeCheck = 2640;
				TargetAttributes = {
					D5826063DF94A91A1C6A5F33 = {
						ProvisioningStyle = Automatic;
					};
				};
			};
			buildConfigurationList = F82A9498BEAF6E72B5842805 /* Build configuration list for PBXProject "MusicBar" */;
			developmentRegion = en;
			hasScannedForEncodings = 0;
			knownRegions = (
				Base,
				en,
			);
			mainGroup = 53824770A88CDBB2CD6EC42F;
			minimizedProjectReferenceProxies = 1;
			packageReferences = (
				DE6E414B4B9F4BB3BB9F24F0 /* XCRemoteSwiftPackageReference "KeyboardShortcuts" */,
			);
			preferredProjectObjectVersion = 77;
			productRefGroup = A26DB433DDD484298A2FF4A9 /* Products */;
			projectDirPath = "";
			projectRoot = "";
			targets = (
				D5826063DF94A91A1C6A5F33 /* MusicBar */,
			);
		};
/* End PBXProject section */

/* Begin PBXSourcesBuildPhase section */
		4C6BD88100057C6661459E1F /* Sources */ = {
			isa = PBXSourcesBuildPhase;
			buildActionMask = 2147483647;
			files = (
				751BDDC2ED282BD5EBDFA79A /* AppleScriptBridge.swift in Sources */,
				9506B4FA62180DEE6DE18BDD /* HeartButton.swift in Sources */,
				7FCC476642C1D8A720D5427C /* MusicBarApp.swift in Sources */,
				BA5E8EE0327E7F8295AD3CB0 /* NowPlayingModel.swift in Sources */,
				EDFC6766DE7AC714D4EF292F /* NowPlayingPopover.swift in Sources */,
				703C413EEB43F087C2158629 /* PlaylistManager.swift in Sources */,
				4ECE96ED0F8C28359AB5D9BC /* PlaylistPicker.swift in Sources */,
				09A3949CBBB5222E58158B0B /* SettingsView.swift in Sources */,
				21C8998ECFA4E3DBF7D47349 /* ShortcutNames.swift in Sources */,
			);
			runOnlyForDeploymentPostprocessing = 0;
		};
/* End PBXSourcesBuildPhase section */

/* Begin XCBuildConfiguration section */
		283C3E6C37ACC62A8DF73CC2 /* Release */ = {
			isa = XCBuildConfiguration;
			buildSettings = {
				ALWAYS_SEARCH_USER_PATHS = NO;
				CLANG_ANALYZER_NONNULL = YES;
				CLANG_ANALYZER_NUMBER_OBJECT_CONVERSION = YES_AGGRESSIVE;
				CLANG_CXX_LANGUAGE_STANDARD = "gnu++14";
				CLANG_CXX_LIBRARY = "libc++";
				CLANG_ENABLE_MODULES = YES;
				CLANG_ENABLE_OBJC_ARC = YES;
				CLANG_ENABLE_OBJC_WEAK = YES;
				CLANG_WARN_BLOCK_CAPTURE_AUTORELEASING = YES;
				CLANG_WARN_BOOL_CONVERSION = YES;
				CLANG_WARN_COMMA = YES;
				CLANG_WARN_CONSTANT_CONVERSION = YES;
				CLANG_WARN_DEPRECATED_OBJC_IMPLEMENTATIONS = YES;
				CLANG_WARN_DIRECT_OBJC_ISA_USAGE = YES_ERROR;
				CLANG_WARN_DOCUMENTATION_COMMENTS = YES;
				CLANG_WARN_EMPTY_BODY = YES;
				CLANG_WARN_ENUM_CONVERSION = YES;
				CLANG_WARN_INFINITE_RECURSION = YES;
				CLANG_WARN_INT_CONVERSION = YES;
				CLANG_WARN_NON_LITERAL_NULL_CONVERSION = YES;
				CLANG_WARN_OBJC_IMPLICIT_RETAIN_SELF = YES;
				CLANG_WARN_OBJC_LITERAL_CONVERSION = YES;
				CLANG_WARN_OBJC_ROOT_CLASS = YES_ERROR;
				CLANG_WARN_QUOTED_INCLUDE_IN_FRAMEWORK_HEADER = YES;
				CLANG_WARN_RANGE_LOOP_ANALYSIS = YES;
				CLANG_WARN_STRICT_PROTOTYPES = YES;
				CLANG_WARN_SUSPICIOUS_MOVE = YES;
				CLANG_WARN_UNGUARDED_AVAILABILITY = YES_AGGRESSIVE;
				CLANG_WARN_UNREACHABLE_CODE = YES;
				CLANG_WARN__DUPLICATE_METHOD_MATCH = YES;
				COPY_PHASE_STRIP = NO;
				DEBUG_INFORMATION_FORMAT = "dwarf-with-dsym";
				ENABLE_NS_ASSERTIONS = NO;
				ENABLE_STRICT_OBJC_MSGSEND = YES;
				GCC_C_LANGUAGE_STANDARD = gnu11;
				GCC_NO_COMMON_BLOCKS = YES;
				GCC_WARN_64_TO_32_BIT_CONVERSION = YES;
				GCC_WARN_ABOUT_RETURN_TYPE = YES_ERROR;
				GCC_WARN_UNDECLARED_SELECTOR = YES;
				GCC_WARN_UNINITIALIZED_AUTOS = YES_AGGRESSIVE;
				GCC_WARN_UNUSED_FUNCTION = YES;
				GCC_WARN_UNUSED_VARIABLE = YES;
				MACOSX_DEPLOYMENT_TARGET = 26.0;
				MTL_ENABLE_DEBUG_INFO = NO;
				MTL_FAST_MATH = YES;
				PRODUCT_NAME = "$(TARGET_NAME)";
				SDKROOT = macosx;
				SWIFT_COMPILATION_MODE = wholemodule;
				SWIFT_OPTIMIZATION_LEVEL = "-O";
				SWIFT_VERSION = 5.0;
			};
			name = Release;
		};
		2B0EB3DF92D6DD51A1280D81 /* Debug */ = {
			isa = XCBuildConfiguration;
			buildSettings = {
				ALWAYS_SEARCH_USER_PATHS = NO;
				CLANG_ANALYZER_NONNULL = YES;
				CLANG_ANALYZER_NUMBER_OBJECT_CONVERSION = YES_AGGRESSIVE;
				CLANG_CXX_LANGUAGE_STANDARD = "gnu++14";
				CLANG_CXX_LIBRARY = "libc++";
				CLANG_ENABLE_MODULES = YES;
				CLANG_ENABLE_OBJC_ARC = YES;
				CLANG_ENABLE_OBJC_WEAK = YES;
				CLANG_WARN_BLOCK_CAPTURE_AUTORELEASING = YES;
				CLANG_WARN_BOOL_CONVERSION = YES;
				CLANG_WARN_COMMA = YES;
				CLANG_WARN_CONSTANT_CONVERSION = YES;
				CLANG_WARN_DEPRECATED_OBJC_IMPLEMENTATIONS = YES;
				CLANG_WARN_DIRECT_OBJC_ISA_USAGE = YES_ERROR;
				CLANG_WARN_DOCUMENTATION_COMMENTS = YES;
				CLANG_WARN_EMPTY_BODY = YES;
				CLANG_WARN_ENUM_CONVERSION = YES;
				CLANG_WARN_INFINITE_RECURSION = YES;
				CLANG_WARN_INT_CONVERSION = YES;
				CLANG_WARN_NON_LITERAL_NULL_CONVERSION = YES;
				CLANG_WARN_OBJC_IMPLICIT_RETAIN_SELF = YES;
				CLANG_WARN_OBJC_LITERAL_CONVERSION = YES;
				CLANG_WARN_OBJC_ROOT_CLASS = YES_ERROR;
				CLANG_WARN_QUOTED_INCLUDE_IN_FRAMEWORK_HEADER = YES;
				CLANG_WARN_RANGE_LOOP_ANALYSIS = YES;
				CLANG_WARN_STRICT_PROTOTYPES = YES;
				CLANG_WARN_SUSPICIOUS_MOVE = YES;
				CLANG_WARN_UNGUARDED_AVAILABILITY = YES_AGGRESSIVE;
				CLANG_WARN_UNREACHABLE_CODE = YES;
				CLANG_WARN__DUPLICATE_METHOD_MATCH = YES;
				COPY_PHASE_STRIP = NO;
				DEBUG_INFORMATION_FORMAT = dwarf;
				ENABLE_STRICT_OBJC_MSGSEND = YES;
				ENABLE_TESTABILITY = YES;
				GCC_C_LANGUAGE_STANDARD = gnu11;
				GCC_DYNAMIC_NO_PIC = NO;
				GCC_NO_COMMON_BLOCKS = YES;
				GCC_OPTIMIZATION_LEVEL = 0;
				GCC_PREPROCESSOR_DEFINITIONS = (
					"$(inherited)",
					"DEBUG=1",
				);
				GCC_WARN_64_TO_32_BIT_CONVERSION = YES;
				GCC_WARN_ABOUT_RETURN_TYPE = YES_ERROR;
				GCC_WARN_UNDECLARED_SELECTOR = YES;
				GCC_WARN_UNINITIALIZED_AUTOS = YES_AGGRESSIVE;
				GCC_WARN_UNUSED_FUNCTION = YES;
				GCC_WARN_UNUSED_VARIABLE = YES;
				MACOSX_DEPLOYMENT_TARGET = 26.0;
				MTL_ENABLE_DEBUG_INFO = INCLUDE_SOURCE;
				MTL_FAST_MATH = YES;
				ONLY_ACTIVE_ARCH = YES;
				PRODUCT_NAME = "$(TARGET_NAME)";
				SDKROOT = macosx;
				SWIFT_ACTIVE_COMPILATION_CONDITIONS = DEBUG;
				SWIFT_OPTIMIZATION_LEVEL = "-Onone";
				SWIFT_VERSION = 5.0;
			};
			name = Debug;
		};
		727FF312AB925033AF423A1F /* Release */ = {
			isa = XCBuildConfiguration;
			buildSettings = {
				ASSETCATALOG_COMPILER_APPICON_NAME = AppIcon;
				CODE_SIGN_ENTITLEMENTS = MusicBar/Resources/MusicBar.entitlements;
				CODE_SIGN_STYLE = Automatic;
				COMBINE_HIDPI_IMAGES = YES;
				CURRENT_PROJECT_VERSION = 1;
				ENABLE_HARDENED_RUNTIME = YES;
				GENERATE_INFOPLIST_FILE = NO;
				INFOPLIST_FILE = MusicBar/Resources/Info.plist;
				LD_RUNPATH_SEARCH_PATHS = (
					"$(inherited)",
					"@executable_path/../Frameworks",
				);
				MACOSX_DEPLOYMENT_TARGET = 26.0;
				MARKETING_VERSION = 1.0.0;
				PRODUCT_BUNDLE_IDENTIFIER = com.temporarystudios.MusicBar;
				SDKROOT = macosx;
				SWIFT_VERSION = 6.0;
			};
			name = Release;
		};
		DB6E21271680015E28D0BD84 /* Debug */ = {
			isa = XCBuildConfiguration;
			buildSettings = {
				ASSETCATALOG_COMPILER_APPICON_NAME = AppIcon;
				CODE_SIGN_ENTITLEMENTS = MusicBar/Resources/MusicBar.entitlements;
				CODE_SIGN_STYLE = Automatic;
				COMBINE_HIDPI_IMAGES = YES;
				CURRENT_PROJECT_VERSION = 1;
				ENABLE_HARDENED_RUNTIME = YES;
				GENERATE_INFOPLIST_FILE = NO;
				INFOPLIST_FILE = MusicBar/Resources/Info.plist;
				LD_RUNPATH_SEARCH_PATHS = (
					"$(inherited)",
					"@executable_path/../Frameworks",
				);
				MACOSX_DEPLOYMENT_TARGET = 26.0;
				MARKETING_VERSION = 1.0.0;
				PRODUCT_BUNDLE_IDENTIFIER = com.temporarystudios.MusicBar;
				SDKROOT = macosx;
				SWIFT_VERSION = 6.0;
			};
			name = Debug;
		};
/* End XCBuildConfiguration section */

/* Begin XCConfigurationList section */
		5F108431BCA48809F06E2233 /* Build configuration list for PBXNativeTarget "MusicBar" */ = {
			isa = XCConfigurationList;
			buildConfigurations = (
				DB6E21271680015E28D0BD84 /* Debug */,
				727FF312AB925033AF423A1F /* Release */,
			);
			defaultConfigurationIsVisible = 0;
			defaultConfigurationName = Debug;
		};
		F82A9498BEAF6E72B5842805 /* Build configuration list for PBXProject "MusicBar" */ = {
			isa = XCConfigurationList;
			buildConfigurations = (
				2B0EB3DF92D6DD51A1280D81 /* Debug */,
				283C3E6C37ACC62A8DF73CC2 /* Release */,
			);
			defaultConfigurationIsVisible = 0;
			defaultConfigurationName = Debug;
		};
/* End XCConfigurationList section */

/* Begin XCRemoteSwiftPackageReference section */
		DE6E414B4B9F4BB3BB9F24F0 /* XCRemoteSwiftPackageReference "KeyboardShortcuts" */ = {
			isa = XCRemoteSwiftPackageReference;
			repositoryURL = "https://github.com/sindresorhus/KeyboardShortcuts";
			requirement = {
				kind = upToNextMajorVersion;
				minimumVersion = 2.0.0;
			};
		};
/* End XCRemoteSwiftPackageReference section */

/* Begin XCSwiftPackageProductDependency section */
		F631F7FECD7942A674A87AC7 /* KeyboardShortcuts */ = {
			isa = XCSwiftPackageProductDependency;
			package = DE6E414B4B9F4BB3BB9F24F0 /* XCRemoteSwiftPackageReference "KeyboardShortcuts" */;
			productName = KeyboardShortcuts;
		};
/* End XCSwiftPackageProductDependency section */
	};
	rootObject = 2F83ACA14972CAFADBBCE2CF /* Project object */;
}
